
Microsoft Visual Studio Solution File, Format Version 12.00
# Visual Studio Version 17
VisualStudioVersion = 17.0.31903.59
MinimumVisualStudioVersion = 10.0.40219.1
Project("{2150E333-8FDC-42A3-9474-1A3956D46DE8}") = "Application", "Application", "{FCA4AB13-C71A-4738-A306-B063E9EDA7FD}"
EndProject
Project("{2150E333-8FDC-42A3-9474-1A3956D46DE8}") = "Domain", "Domain", "{D5D4D382-D763-4DD9-B788-9055AE05A6E0}"
EndProject
Project("{2150E333-8FDC-42A3-9474-1A3956D46DE8}") = "Infra", "Infra", "{C010BBB3-BFE4-49AA-8D07-DB35593AB685}"
EndProject
Project("{2150E333-8FDC-42A3-9474-1A3956D46DE8}") = "Api", "Api", "{A844F137-418D-478B-A262-2A83B854820A}"
EndProject
Project("{9A19103F-16F7-4668-BE54-9A1E7A4F7556}") = "Financial.Control.Application", "src\Financial.Control.Application\Financial.Control.Application.csproj", "{44B98FE3-E001-4ADF-9008-ADD4B92C11C9}"
EndProject
Project("{9A19103F-16F7-4668-BE54-9A1E7A4F7556}") = "Financial.Control.Domain", "src\Financial.Control.Domain\Financial.Control.Domain.csproj", "{32424E3A-971D-4CF9-9153-6928CCA54E2F}"
EndProject
Project("{9A19103F-16F7-4668-BE54-9A1E7A4F7556}") = "Financial.Control.Infra", "src\Financial.Control.Infra\Financial.Control.Infra.csproj", "{26C173F1-9D30-4F66-A0A7-12B362E56659}"
EndProject
Project("{9A19103F-16F7-4668-BE54-9A1E7A4F7556}") = "Financial.Control.Api", "src\Financial.Control.Api\Financial.Control.Api.csproj", "{B1094C10-BF89-4F6B-A72A-960CB116F3C9}"
EndProject
Project("{9A19103F-16F7-4668-BE54-9A1E7A4F7556}") = "Financial.Control.Infra.Data", "src\Financial.Control.Infra.Data\Financial.Control.Infra.Data.csproj", "{C7875AB3-2F5D-439E-8E39-97C85D3B9441}"
EndProject
Project("{FAE04EC0-301F-11D3-BF4B-00C04F79EFBC}") = "Financial.Control.Infra.Tests", "src\Financial.Control.Infra.Tests\Financial.Control.Infra.Tests.csproj", "{76FF2319-4838-4077-9184-4841B658A17D}"
EndProject
Global
	GlobalSection(SolutionConfigurationPlatforms) = preSolution
		Debug|Any CPU = Debug|Any CPU
		Release|Any CPU = Release|Any CPU
	EndGlobalSection
	GlobalSection(ProjectConfigurationPlatforms) = postSolution
		{44B98FE3-E001-4ADF-9008-ADD4B92C11C9}.Debug|Any CPU.ActiveCfg = Debug|Any CPU
		{44B98FE3-E001-4ADF-9008-ADD4B92C11C9}.Debug|Any CPU.Build.0 = Debug|Any CPU
		{44B98FE3-E001-4ADF-9008-ADD4B92C11C9}.Release|Any CPU.ActiveCfg = Release|Any CPU
		{44B98FE3-E001-4ADF-9008-ADD4B92C11C9}.Release|Any CPU.Build.0 = Release|Any CPU
		{32424E3A-971D-4CF9-9153-6928CCA54E2F}.Debug|Any CPU.ActiveCfg = Debug|Any CPU
		{32424E3A-971D-4CF9-9153-6928CCA54E2F}.Debug|Any CPU.Build.0 = Debug|Any CPU
		{32424E3A-971D-4CF9-9153-6928CCA54E2F}.Release|Any CPU.ActiveCfg = Release|Any CPU
		{32424E3A-971D-4CF9-9153-6928CCA54E2F}.Release|Any CPU.Build.0 = Release|Any CPU
		{26C173F1-9D30-4F66-A0A7-12B362E56659}.Debug|Any CPU.ActiveCfg = Debug|Any CPU
		{26C173F1-9D30-4F66-A0A7-12B362E56659}.Debug|Any CPU.Build.0 = Debug|Any CPU
		{26C173F1-9D30-4F66-A0A7-12B362E56659}.Release|Any CPU.ActiveCfg = Release|Any CPU
		{26C173F1-9D30-4F66-A0A7-12B362E56659}.Release|Any CPU.Build.0 = Release|Any CPU
		{B1094C10-BF89-4F6B-A72A-960CB116F3C9}.Debug|Any CPU.ActiveCfg = Debug|Any CPU
		{B1094C10-BF89-4F6B-A72A-960CB116F3C9}.Debug|Any CPU.Build.0 = Debug|Any CPU
		{B1094C10-BF89-4F6B-A72A-960CB116F3C9}.Release|Any CPU.ActiveCfg = Release|Any CPU
		{B1094C10-BF89-4F6B-A72A-960CB116F3C9}.Release|Any CPU.Build.0 = Release|Any CPU
		{C7875AB3-2F5D-439E-8E39-97C85D3B9441}.Debug|Any CPU.ActiveCfg = Debug|Any CPU
		{C7875AB3-2F5D-439E-8E39-97C85D3B9441}.Debug|Any CPU.Build.0 = Debug|Any CPU
		{C7875AB3-2F5D-439E-8E39-97C85D3B9441}.Release|Any CPU.ActiveCfg = Release|Any CPU
		{C7875AB3-2F5D-439E-8E39-97C85D3B9441}.Release|Any CPU.Build.0 = Release|Any CPU
		{76FF2319-4838-4077-9184-4841B658A17D}.Debug|Any CPU.ActiveCfg = Debug|Any CPU
		{76FF2319-4838-4077-9184-4841B658A17D}.Debug|Any CPU.Build.0 = Debug|Any CPU
		{76FF2319-4838-4077-9184-4841B658A17D}.Release|Any CPU.ActiveCfg = Release|Any CPU
		{76FF2319-4838-4077-9184-4841B658A17D}.Release|Any CPU.Build.0 = Release|Any CPU
	EndGlobalSection
	GlobalSection(SolutionProperties) = preSolution
		HideSolutionNode = FALSE
	EndGlobalSection
	GlobalSection(NestedProjects) = preSolution
		{44B98FE3-E001-4ADF-9008-ADD4B92C11C9} = {FCA4AB13-C71A-4738-A306-B063E9EDA7FD}
		{32424E3A-971D-4CF9-9153-6928CCA54E2F} = {D5D4D382-D763-4DD9-B788-9055AE05A6E0}
		{26C173F1-9D30-4F66-A0A7-12B362E56659} = {C010BBB3-BFE4-49AA-8D07-DB35593AB685}
		{B1094C10-BF89-4F6B-A72A-960CB116F3C9} = {A844F137-418D-478B-A262-2A83B854820A}
		{C7875AB3-2F5D-439E-8E39-97C85D3B9441} = {C010BBB3-BFE4-49AA-8D07-DB35593AB685}
		{76FF2319-4838-4077-9184-4841B658A17D} = {C010BBB3-BFE4-49AA-8D07-DB35593AB685}
	EndGlobalSection
	GlobalSection(ExtensibilityGlobals) = postSolution
		SolutionGuid = {B1AEA11C-92A8-452F-8C9C-1C40BEA7084F}
	EndGlobalSection
EndGlobal
